
Microsoft Visual Studio Solution File, Format Version 12.00
# Visual Studio Version 16
VisualStudioVersion = 16.0.30320.27
MinimumVisualStudioVersion = 10.0.40219.1
Project("{9A19103F-16F7-4668-BE54-9A1E7A4F7556}") = "WsBenchmarks", "WsBenchmarks.csproj", "{5B7B8521-9492-459F-B83C-84EF7102CCFB}"
EndProject
Global
	GlobalSection(SolutionConfigurationPlatforms) = preSolution
		Debug|Any CPU = Debug|Any CPU
		Release|Any CPU = Release|Any CPU
	EndGlobalSection
	GlobalSection(ProjectConfigurationPlatforms) = postSolution
		{5B7B8521-9492-459F-B83C-84EF7102CCFB}.Debug|Any CPU.ActiveCfg = Debug|Any CPU
		{5B7B8521-9492-459F-B83C-84EF7102CCFB}.Debug|Any CPU.Build.0 = Debug|Any CPU
		{5B7B8521-9492-459F-B83C-84EF7102CCFB}.Release|Any CPU.ActiveCfg = Release|Any CPU
		{5B7B8521-9492-459F-B83C-84EF7102CCFB}.Release|Any CPU.Build.0 = Release|Any CPU
	EndGlobalSection
	GlobalSection(SolutionProperties) = preSolution
		HideSolutionNode = FALSE
	EndGlobalSection
	GlobalSection(ExtensibilityGlobals) = postSolution
		SolutionGuid = {B4774639-A6BC-4C59-91CE-AA5701EA5126}
	EndGlobalSection
EndGlobal
